{
  "nodes": {
    "nixpkgs": {
      "locked": {
        "lastModified": 1720467867,
        "narHash": "sha256-J/53hRZlyxoT506k7egLf1uPgSTKdd8AzG1Z12hGcHo=",
        "owner": "nixos",
        "repo": "nixpkgs",
        "rev": "4a2251195c36565bb6bfe04a9ce3109e8759d412",
        "type": "github"
      },
      "original": {
        "owner": "nixos",
        "repo": "nixpkgs",
        "type": "github"
      }
    },
    "root": {
      "inputs": {
        "nixpkgs": "nixpkgs"
      }
    }
  },
  "root": "root",
  "version": 7
}
