{
  "nodes": {
    "nixpkgs": {
      "locked": {
        "lastModified": 1720467067,
        "narHash": "sha256-PKCEYgbZKy2qOTIHeveEbxp4fhQo7O37hc9gUdOHwZI=",
        "owner": "nixos",
        "repo": "nixpkgs",
        "rev": "db219c6ed08519584884eb9fd3856b4dbdab4717",
        "type": "github"
      },
      "original": {
        "owner": "nixos",
        "repo": "nixpkgs",
        "type": "github"
      }
    },
    "root": {
      "inputs": {
        "nixpkgs": "nixpkgs"
      }
    }
  },
  "root": "root",
  "version": 7
}
