{
  "nodes": {
    "nixpkgs": {
      "locked": {
        "lastModified": 1720462448,
        "narHash": "sha256-rQ4rlEnDlUWiNiWNTNoee1cdpS2zpf3fAAWOTefAQP0=",
        "owner": "nixos",
        "repo": "nixpkgs",
        "rev": "67ab30a1aac28c793dc119a74ceab95643a330f8",
        "type": "github"
      },
      "original": {
        "owner": "nixos",
        "repo": "nixpkgs",
        "type": "github"
      }
    },
    "root": {
      "inputs": {
        "nixpkgs": "nixpkgs"
      }
    }
  },
  "root": "root",
  "version": 7
}
